
Microsoft Visual Studio Solution File, Format Version 12.00
# Visual Studio 15
VisualStudioVersion = 15.0.27703.2026
MinimumVisualStudioVersion = 10.0.40219.1
Project("{FAE04EC0-301F-11D3-BF4B-00C04F79EFBC}") = "client", "client\client.csproj", "{2321524B-3EDC-4B03-AE6F-F64390BBBF51}"
EndProject
Project("{FAE04EC0-301F-11D3-BF4B-00C04F79EFBC}") = "ConsoleApp1", "ConsoleApp1\ConsoleApp1.csproj", "{96EB91E8-40F9-4037-B743-D61F41F024D6}"
EndProject
Global
	GlobalSection(SolutionConfigurationPlatforms) = preSolution
		Debug|Any CPU = Debug|Any CPU
		Release|Any CPU = Release|Any CPU
	EndGlobalSection
	GlobalSection(ProjectConfigurationPlatforms) = postSolution
		{2321524B-3EDC-4B03-AE6F-F64390BBBF51}.Debug|Any CPU.ActiveCfg = Debug|Any CPU
		{2321524B-3EDC-4B03-AE6F-F64390BBBF51}.Debug|Any CPU.Build.0 = Debug|Any CPU
		{2321524B-3EDC-4B03-AE6F-F64390BBBF51}.Release|Any CPU.ActiveCfg = Release|Any CPU
		{2321524B-3EDC-4B03-AE6F-F64390BBBF51}.Release|Any CPU.Build.0 = Release|Any CPU
		{96EB91E8-40F9-4037-B743-D61F41F024D6}.Debug|Any CPU.ActiveCfg = Debug|Any CPU
		{96EB91E8-40F9-4037-B743-D61F41F024D6}.Debug|Any CPU.Build.0 = Debug|Any CPU
		{96EB91E8-40F9-4037-B743-D61F41F024D6}.Release|Any CPU.ActiveCfg = Release|Any CPU
		{96EB91E8-40F9-4037-B743-D61F41F024D6}.Release|Any CPU.Build.0 = Release|Any CPU
	EndGlobalSection
	GlobalSection(SolutionProperties) = preSolution
		HideSolutionNode = FALSE
	EndGlobalSection
	GlobalSection(ExtensibilityGlobals) = postSolution
		SolutionGuid = {BDFD3F16-94C9-4921-B9C6-166832DE15C6}
	EndGlobalSection
EndGlobal
